
Microsoft Visual Studio Solution File, Format Version 12.00
# Visual Studio Version 16
VisualStudioVersion = 16.0.30225.117
MinimumVisualStudioVersion = 10.0.40219.1
Project("{FAE04EC0-301F-11D3-BF4B-00C04F79EFBC}") = "WAW_CAT_Tranlsate_XLZ", "WAW_CAT_Tranlsate_XLZ\WAW_CAT_Tranlsate_XLZ.csproj", "{934FF6F1-C810-4864-B06D-D03AB6D6248A}"
EndProject
Global
	GlobalSection(SolutionConfigurationPlatforms) = preSolution
		Debug|Any CPU = Debug|Any CPU
		Release|Any CPU = Release|Any CPU
	EndGlobalSection
	GlobalSection(ProjectConfigurationPlatforms) = postSolution
		{934FF6F1-C810-4864-B06D-D03AB6D6248A}.Debug|Any CPU.ActiveCfg = Debug|Any CPU
		{934FF6F1-C810-4864-B06D-D03AB6D6248A}.Debug|Any CPU.Build.0 = Debug|Any CPU
		{934FF6F1-C810-4864-B06D-D03AB6D6248A}.Release|Any CPU.ActiveCfg = Release|Any CPU
		{934FF6F1-C810-4864-B06D-D03AB6D6248A}.Release|Any CPU.Build.0 = Release|Any CPU
	EndGlobalSection
	GlobalSection(SolutionProperties) = preSolution
		HideSolutionNode = FALSE
	EndGlobalSection
	GlobalSection(ExtensibilityGlobals) = postSolution
		SolutionGuid = {A5BBAC95-E60E-4296-920E-D43EEF75823D}
	EndGlobalSection
EndGlobal
